<?xml version="1.0" encoding="utf-8"?>
<Project ToolsVersion="4.0" xmlns="http://schemas.microsoft.com/developer/msbuild/2003">
  <ItemGroup>
    <Filter Include="Quelldateien">
      <UniqueIdentifier>{4FC737F1-C7A5-4376-A066-2A32D752A2FF}</UniqueIdentifier>
      <Extensions>cpp;c;cc;cxx;c++;cppm;ixx;def;odl;idl;hpj;bat;asm;asmx</Extensions>
    </Filter>
    <Filter Include="Headerdateien">
      <UniqueIdentifier>{93995380-89BD-4b04-88EB-625FBE52EBFB}</UniqueIdentifier>
      <Extensions>h;hh;hpp;hxx;h++;hm;inl;inc;ipp;xsd</Extensions>
    </Filter>
    <Filter Include="Ressourcendateien">
      <UniqueIdentifier>{67DA6AB6-F800-4c08-8B7A-83BB121AAD01}</UniqueIdentifier>
      <Extensions>rc;ico;cur;bmp;dlg;rc2;rct;bin;rgs;gif;jpg;jpeg;jpe;resx;tiff;tif;png;wav;mfcribbon-ms</Extensions>
    </Filter>
    <Filter Include="cs2">
      <UniqueIdentifier>{8474adfc-8d0a-433b-91da-18113e283721}</UniqueIdentifier>
    </Filter>
  </ItemGroup>
  <ItemGroup>
    <ClCompile Include="supermode.cpp">
      <Filter>Quelldateien</Filter>
    </ClCompile>
    <ClCompile Include="main.cpp">
      <Filter>Quelldateien</Filter>
    </ClCompile>
  </ItemGroup>
  <ItemGroup>
    <ClInclude Include="supermode_comm.h">
      <Filter>Headerdateien</Filter>
    </ClInclude>
    <ClInclude Include="json.hpp">
      <Filter>Headerdateien</Filter>
    </ClInclude>
    <ClInclude Include="supermode.h">
      <Filter>Headerdateien</Filter>
    </ClInclude>
    <ClInclude Include="rwptm.h">
      <Filter>Headerdateien</Filter>
    </ClInclude>
    <ClInclude Include="..\settings.h">
      <Filter>Headerdateien</Filter>
    </ClInclude>
    <ClInclude Include="entity.h">
      <Filter>cs2</Filter>
    </ClInclude>
    <ClInclude Include="vec3.h">
      <Filter>cs2</Filter>
    </ClInclude>
    <ClInclude Include="offsets.h">
      <Filter>cs2</Filter>
    </ClInclude>
  </ItemGroup>
</Project>